
Microsoft Visual Studio Solution File, Format Version 12.00
# Visual Studio Version 16
VisualStudioVersion = 16.0.30717.126
MinimumVisualStudioVersion = 10.0.40219.1
Project("{9A19103F-16F7-4668-BE54-9A1E7A4F7556}") = "MangaGerateLink", "MangaGerateLink.csproj", "{B0C886B4-4ED7-434C-816C-03B206008D7B}"
EndProject
Global
	GlobalSection(SolutionConfigurationPlatforms) = preSolution
		Debug|Any CPU = Debug|Any CPU
		Release|Any CPU = Release|Any CPU
	EndGlobalSection
	GlobalSection(ProjectConfigurationPlatforms) = postSolution
		{B0C886B4-4ED7-434C-816C-03B206008D7B}.Debug|Any CPU.ActiveCfg = Debug|Any CPU
		{B0C886B4-4ED7-434C-816C-03B206008D7B}.Debug|Any CPU.Build.0 = Debug|Any CPU
		{B0C886B4-4ED7-434C-816C-03B206008D7B}.Release|Any CPU.ActiveCfg = Release|Any CPU
		{B0C886B4-4ED7-434C-816C-03B206008D7B}.Release|Any CPU.Build.0 = Release|Any CPU
	EndGlobalSection
	GlobalSection(SolutionProperties) = preSolution
		HideSolutionNode = FALSE
	EndGlobalSection
	GlobalSection(ExtensibilityGlobals) = postSolution
		SolutionGuid = {22540E1D-A2C8-4701-BAFB-3E067F644168}
	EndGlobalSection
EndGlobal
